
Microsoft Visual Studio Solution File, Format Version 12.00
# Visual Studio Version 17
VisualStudioVersion = 17.2.32616.157
MinimumVisualStudioVersion = 10.0.40219.1
Project("{9A19103F-16F7-4668-BE54-9A1E7A4F7556}") = "ResourceService", "ResourceService\ResourceService.csproj", "{CAEF95AE-2EA6-415F-AD6B-DE81281CFE71}"
EndProject
Project("{FAE04EC0-301F-11D3-BF4B-00C04F79EFBC}") = "AuthorizeApi", "AuthorizeApi\AuthorizeApi.csproj", "{97A07875-4490-4CCB-87F7-C9218A29E634}"
EndProject
Global
	GlobalSection(SolutionConfigurationPlatforms) = preSolution
		Debug|Any CPU = Debug|Any CPU
		Release|Any CPU = Release|Any CPU
	EndGlobalSection
	GlobalSection(ProjectConfigurationPlatforms) = postSolution
		{CAEF95AE-2EA6-415F-AD6B-DE81281CFE71}.Debug|Any CPU.ActiveCfg = Debug|Any CPU
		{CAEF95AE-2EA6-415F-AD6B-DE81281CFE71}.Debug|Any CPU.Build.0 = Debug|Any CPU
		{CAEF95AE-2EA6-415F-AD6B-DE81281CFE71}.Release|Any CPU.ActiveCfg = Release|Any CPU
		{CAEF95AE-2EA6-415F-AD6B-DE81281CFE71}.Release|Any CPU.Build.0 = Release|Any CPU
		{97A07875-4490-4CCB-87F7-C9218A29E634}.Debug|Any CPU.ActiveCfg = Debug|Any CPU
		{97A07875-4490-4CCB-87F7-C9218A29E634}.Debug|Any CPU.Build.0 = Debug|Any CPU
		{97A07875-4490-4CCB-87F7-C9218A29E634}.Release|Any CPU.ActiveCfg = Release|Any CPU
		{97A07875-4490-4CCB-87F7-C9218A29E634}.Release|Any CPU.Build.0 = Release|Any CPU
	EndGlobalSection
	GlobalSection(SolutionProperties) = preSolution
		HideSolutionNode = FALSE
	EndGlobalSection
	GlobalSection(ExtensibilityGlobals) = postSolution
		SolutionGuid = {8EBF368D-6640-464E-81FA-2C6B6D32C149}
	EndGlobalSection
EndGlobal
